{
  "name": "docblocks",
  "version": "1.0.0",
  "lockfileVersion": 1,
  "requires": true,
  "dependencies": {
    "@types/express": {
      "version": "4.0.36",
      "resolved": "https://registry.npmjs.org/@types/express/-/express-4.0.36.tgz",
      "integrity": "sha512-bT9q2eqH/E72AGBQKT50dh6AXzheTqigGZ1GwDiwmx7vfHff0bZOrvUWjvGpNWPNkRmX1vDF6wonG6rlpBHb1A==",
      "dev": true,
      "requires": {
        "@types/express-serve-static-core": "4.0.49",
        "@types/serve-static": "1.7.31"
      }
    },
    "@types/express-serve-static-core": {
      "version": "4.0.49",
      "resolved": "https://registry.npmjs.org/@types/express-serve-static-core/-/express-serve-static-core-4.0.49.tgz",
      "integrity": "sha512-b7mVHoURu1xaP/V6xw1sYwyv9V0EZ7euyi+sdnbnTZxEkAh4/hzPsI6Eflq+ZzHQ/Tgl7l16Jz+0oz8F46MLnA==",
      "dev": true,
      "requires": {
        "@types/node": "7.0.39"
      }
    },
    "@types/fs-extra": {
      "version": "http://registry.npmjs.org/@types/fs-extra/-/fs-extra-3.0.3.tgz",
      "integrity": "sha1-HWbrZw6/ZX5XwP2gFN80DBnYqgw=",
      "dev": true,
      "requires": {
        "@types/node": "7.0.39"
      }
    },
    "@types/handlebars": {
      "version": "http://registry.npmjs.org/@types/handlebars/-/handlebars-4.0.33.tgz",
      "integrity": "sha1-7kVpawZ+S98Vw5VnEKTDbBfY+PA=",
      "dev": true
    },
    "@types/highlight.js": {
      "version": "http://registry.npmjs.org/@types/highlight.js/-/highlight.js-9.1.9.tgz",
      "integrity": "sha1-7WM2lV6vIzt163kjubHzc9BF7wE=",
      "dev": true
    },
    "@types/lodash": {
      "version": "http://registry.npmjs.org/@types/lodash/-/lodash-4.14.65.tgz",
      "integrity": "sha1-oPeNcf/NPAJijV9hZBDJjEJDJtU=",
      "dev": true
    },
    "@types/marked": {
      "version": "http://registry.npmjs.org/@types/marked/-/marked-0.0.28.tgz",
      "integrity": "sha1-RLp1Tp+lFDJYPo6zCnxN0km1L6o=",
      "dev": true
    },
    "@types/mime": {
      "version": "1.3.1",
      "resolved": "https://registry.npmjs.org/@types/mime/-/mime-1.3.1.tgz",
      "integrity": "sha512-rek8twk9C58gHYqIrUlJsx8NQMhlxqHzln9Z9ODqiNgv3/s+ZwIrfr+djqzsnVM12xe9hL98iJ20lj2RvCBv6A==",
      "dev": true
    },
    "@types/minimatch": {
      "version": "http://registry.npmjs.org/@types/minimatch/-/minimatch-2.0.29.tgz",
      "integrity": "sha1-UALhT3Xi1x5WQoHfBDHIwbSio2o=",
      "dev": true
    },
    "@types/mocha": {
      "version": "http://registry.npmjs.org/@types/mocha/-/mocha-2.2.41.tgz",
      "integrity": "sha1-4nzwgXFT658nE7LT9saPHhw8pgg=",
      "dev": true
    },
    "@types/node": {
      "version": "7.0.39",
      "resolved": "https://registry.npmjs.org/@types/node/-/node-7.0.39.tgz",
      "integrity": "sha512-KQHAZeVsk4UIT9XaR6cn4WpHZzimK6UBD1UomQKfQQFmTlUHaNBzeuov+TM4+kigLO0IJt4I5OOsshcCyA9gSA==",
      "dev": true
    },
    "@types/serve-static": {
      "version": "1.7.31",
      "resolved": "https://registry.npmjs.org/@types/serve-static/-/serve-static-1.7.31.tgz",
      "integrity": "sha1-FUVt6NmNa0z/Mb5savdJKuY/Uho=",
      "dev": true,
      "requires": {
        "@types/express-serve-static-core": "4.0.49",
        "@types/mime": "1.3.1"
      }
    },
    "@types/shelljs": {
      "version": "http://registry.npmjs.org/@types/shelljs/-/shelljs-0.7.2.tgz",
      "integrity": "sha1-wr2z/oDNej2gh1DKiYrkTFiWcfM=",
      "dev": true,
      "requires": {
        "@types/node": "7.0.39"
      }
    },
    "@types/should": {
      "version": "http://registry.npmjs.org/@types/should/-/should-8.3.0.tgz",
      "integrity": "sha1-4rRgJDaF2+N3GC857zjTf00Veto=",
      "dev": true
    },
    "@types/superagent": {
      "version": "http://registry.npmjs.org/@types/superagent/-/superagent-2.0.37.tgz",
      "integrity": "sha1-Zl0jnbrPxg+x4afxCPbQL/38lJs=",
      "dev": true,
      "requires": {
        "@types/node": "7.0.39"
      }
    },
    "@types/supertest": {
      "version": "http://registry.npmjs.org/@types/supertest/-/supertest-2.0.0.tgz",
      "integrity": "sha1-Rofer/SVC2PkYRU21v1EZl7hG7c=",
      "dev": true,
      "requires": {
        "@types/superagent": "http://registry.npmjs.org/@types/superagent/-/superagent-2.0.37.tgz"
      }
    },
    "accepts": {
      "version": "http://registry.npmjs.org/accepts/-/accepts-1.3.3.tgz",
      "integrity": "sha1-w8p0NJOGSMPg2cHjKN1otiLChMo=",
      "requires": {
        "mime-types": "http://registry.npmjs.org/mime-types/-/mime-types-2.1.15.tgz",
        "negotiator": "http://registry.npmjs.org/negotiator/-/negotiator-0.6.1.tgz"
      }
    },
    "align-text": {
      "version": "http://registry.npmjs.org/align-text/-/align-text-0.1.4.tgz",
      "integrity": "sha1-DNkKVhCT810KmSVsIrcGlDP60Rc=",
      "dev": true,
      "requires": {
        "kind-of": "http://registry.npmjs.org/kind-of/-/kind-of-3.2.2.tgz",
        "longest": "http://registry.npmjs.org/longest/-/longest-1.0.1.tgz",
        "repeat-string": "http://registry.npmjs.org/repeat-string/-/repeat-string-1.6.1.tgz"
      }
    },
    "amdefine": {
      "version": "http://registry.npmjs.org/amdefine/-/amdefine-1.0.1.tgz",
      "integrity": "sha1-SlKCrBZHKek2Gbz9OtFR+BfOkfU=",
      "dev": true
    },
    "array-flatten": {
      "version": "http://registry.npmjs.org/array-flatten/-/array-flatten-1.1.1.tgz",
      "integrity": "sha1-ml9pkFGx5wczKPKgCJaLZOopVdI="
    },
    "async": {
      "version": "http://registry.npmjs.org/async/-/async-1.5.2.tgz",
      "integrity": "sha1-7GphrlZIDAw8skHJVhjiCJL5Zyo=",
      "dev": true
    },
    "balanced-match": {
      "version": "http://registry.npmjs.org/balanced-match/-/balanced-match-0.4.2.tgz",
      "integrity": "sha1-yz8+PHMtwPAe5wtAPzAuYddwmDg=",
      "dev": true
    },
    "brace-expansion": {
      "version": "http://registry.npmjs.org/brace-expansion/-/brace-expansion-1.1.7.tgz",
      "integrity": "sha1-Pv/DxQ4ABTH7cg6v+A8K6O8jz1k=",
      "dev": true,
      "requires": {
        "balanced-match": "http://registry.npmjs.org/balanced-match/-/balanced-match-0.4.2.tgz",
        "concat-map": "http://registry.npmjs.org/concat-map/-/concat-map-0.0.1.tgz"
      }
    },
    "browser-stdout": {
      "version": "http://registry.npmjs.org/browser-stdout/-/browser-stdout-1.3.0.tgz",
      "integrity": "sha1-81HTKWnTL6XXpVZxVCY9korjvR8=",
      "dev": true
    },
    "camelcase": {
      "version": "http://registry.npmjs.org/camelcase/-/camelcase-1.2.1.tgz",
      "integrity": "sha1-m7UwTS4LVmmLLHWLCKPqqdqlijk=",
      "dev": true,
      "optional": true
    },
    "center-align": {
      "version": "http://registry.npmjs.org/center-align/-/center-align-0.1.3.tgz",
      "integrity": "sha1-qg0yYptu6XIgBBHL1EYckHvCt60=",
      "dev": true,
      "optional": true,
      "requires": {
        "align-text": "http://registry.npmjs.org/align-text/-/align-text-0.1.4.tgz",
        "lazy-cache": "http://registry.npmjs.org/lazy-cache/-/lazy-cache-1.0.4.tgz"
      }
    },
    "cliui": {
      "version": "http://registry.npmjs.org/cliui/-/cliui-2.1.0.tgz",
      "integrity": "sha1-S0dXYP+AJkx2LDoXGQMukcf+oNE=",
      "dev": true,
      "optional": true,
      "requires": {
        "center-align": "http://registry.npmjs.org/center-align/-/center-align-0.1.3.tgz",
        "right-align": "http://registry.npmjs.org/right-align/-/right-align-0.1.3.tgz",
        "wordwrap": "http://registry.npmjs.org/wordwrap/-/wordwrap-0.0.2.tgz"
      },
      "dependencies": {
        "wordwrap": {
          "version": "http://registry.npmjs.org/wordwrap/-/wordwrap-0.0.2.tgz",
          "integrity": "sha1-t5Zpu0LstAn4PVg8rVLKF+qhZD8=",
          "dev": true,
          "optional": true
        }
      }
    },
    "combined-stream": {
      "version": "http://registry.npmjs.org/combined-stream/-/combined-stream-1.0.5.tgz",
      "integrity": "sha1-k4NwpXtKUd6ix3wV1cX9+JUWQAk=",
      "dev": true,
      "requires": {
        "delayed-stream": "http://registry.npmjs.org/delayed-stream/-/delayed-stream-1.0.0.tgz"
      }
    },
    "commander": {
      "version": "http://registry.npmjs.org/commander/-/commander-2.9.0.tgz",
      "integrity": "sha1-nJkJQXbhIkDLItbFFGCYQA/g99Q=",
      "dev": true,
      "requires": {
        "graceful-readlink": "http://registry.npmjs.org/graceful-readlink/-/graceful-readlink-1.0.1.tgz"
      }
    },
    "component-emitter": {
      "version": "http://registry.npmjs.org/component-emitter/-/component-emitter-1.2.1.tgz",
      "integrity": "sha1-E3kY1teCg/ffemt8WmPhQOaUJeY=",
      "dev": true
    },
    "concat-map": {
      "version": "http://registry.npmjs.org/concat-map/-/concat-map-0.0.1.tgz",
      "integrity": "sha1-2Klr13/Wjfd5OnMDajug1UBdR3s=",
      "dev": true
    },
    "content-disposition": {
      "version": "http://registry.npmjs.org/content-disposition/-/content-disposition-0.5.2.tgz",
      "integrity": "sha1-DPaLud318r55YcOoUXjLhdunjLQ="
    },
    "content-type": {
      "version": "http://registry.npmjs.org/content-type/-/content-type-1.0.2.tgz",
      "integrity": "sha1-t9ETrueo3Se9IRM8TcJSnfFyHu0="
    },
    "cookie": {
      "version": "http://registry.npmjs.org/cookie/-/cookie-0.3.1.tgz",
      "integrity": "sha1-5+Ch+e9DtMi6klxcWpboBtFoc7s="
    },
    "cookie-signature": {
      "version": "http://registry.npmjs.org/cookie-signature/-/cookie-signature-1.0.6.tgz",
      "integrity": "sha1-4wOogrNCzD7oylE6eZmXNNqzriw="
    },
    "cookiejar": {
      "version": "http://registry.npmjs.org/cookiejar/-/cookiejar-2.0.6.tgz",
      "integrity": "sha1-Cr81atANHFohnYjURRgEbdAmrP4=",
      "dev": true
    },
    "core-util-is": {
      "version": "http://registry.npmjs.org/core-util-is/-/core-util-is-1.0.2.tgz",
      "integrity": "sha1-tf1UIgqivFq1eqtxQMlAdUUDwac=",
      "dev": true
    },
    "debug": {
      "version": "http://registry.npmjs.org/debug/-/debug-2.6.7.tgz",
      "integrity": "sha1-krrR9tBbu2u6Isyoi80OyJTChh4=",
      "requires": {
        "ms": "http://registry.npmjs.org/ms/-/ms-2.0.0.tgz"
      }
    },
    "decamelize": {
      "version": "http://registry.npmjs.org/decamelize/-/decamelize-1.2.0.tgz",
      "integrity": "sha1-9lNNFRSCabIDUue+4m9QH5oZEpA=",
      "dev": true,
      "optional": true
    },
    "delayed-stream": {
      "version": "http://registry.npmjs.org/delayed-stream/-/delayed-stream-1.0.0.tgz",
      "integrity": "sha1-3zrhmayt+31ECqrgsp4icrJOxhk=",
      "dev": true
    },
    "depd": {
      "version": "http://registry.npmjs.org/depd/-/depd-1.1.0.tgz",
      "integrity": "sha1-4b2Cxqq2ztlluXuIsX7T5SjKGMM="
    },
    "destroy": {
      "version": "http://registry.npmjs.org/destroy/-/destroy-1.0.4.tgz",
      "integrity": "sha1-l4hXRCxEdJ5CBmE+N5RiBYJqvYA="
    },
    "diff": {
      "version": "http://registry.npmjs.org/diff/-/diff-3.2.0.tgz",
      "integrity": "sha1-yc45Okt8vQsFinJck98pkCeGj/k=",
      "dev": true
    },
    "ee-first": {
      "version": "http://registry.npmjs.org/ee-first/-/ee-first-1.1.1.tgz",
      "integrity": "sha1-WQxhFWsK4vTwJVcyoViyZrxWsh0="
    },
    "encodeurl": {
      "version": "http://registry.npmjs.org/encodeurl/-/encodeurl-1.0.1.tgz",
      "integrity": "sha1-eePVhlU0aQn+bw9Fpd5oEDspTSA="
    },
    "escape-html": {
      "version": "http://registry.npmjs.org/escape-html/-/escape-html-1.0.3.tgz",
      "integrity": "sha1-Aljq5NPQwJdN4cFpGI7wBR0dGYg="
    },
    "escape-string-regexp": {
      "version": "http://registry.npmjs.org/escape-string-regexp/-/escape-string-regexp-1.0.5.tgz",
      "integrity": "sha1-G2HAViGQqN/2rjuyzwIAyhMLhtQ=",
      "dev": true
    },
    "etag": {
      "version": "http://registry.npmjs.org/etag/-/etag-1.8.0.tgz",
      "integrity": "sha1-b2Ma7zNtbEY2K1F2QETOIWvjwFE="
    },
    "express": {
      "version": "http://registry.npmjs.org/express/-/express-4.15.3.tgz",
      "integrity": "sha1-urZdDwOqgMNYQIly/HAPkWlEtmI=",
      "requires": {
        "accepts": "http://registry.npmjs.org/accepts/-/accepts-1.3.3.tgz",
        "array-flatten": "http://registry.npmjs.org/array-flatten/-/array-flatten-1.1.1.tgz",
        "content-disposition": "http://registry.npmjs.org/content-disposition/-/content-disposition-0.5.2.tgz",
        "content-type": "http://registry.npmjs.org/content-type/-/content-type-1.0.2.tgz",
        "cookie": "http://registry.npmjs.org/cookie/-/cookie-0.3.1.tgz",
        "cookie-signature": "http://registry.npmjs.org/cookie-signature/-/cookie-signature-1.0.6.tgz",
        "debug": "http://registry.npmjs.org/debug/-/debug-2.6.7.tgz",
        "depd": "http://registry.npmjs.org/depd/-/depd-1.1.0.tgz",
        "encodeurl": "http://registry.npmjs.org/encodeurl/-/encodeurl-1.0.1.tgz",
        "escape-html": "http://registry.npmjs.org/escape-html/-/escape-html-1.0.3.tgz",
        "etag": "http://registry.npmjs.org/etag/-/etag-1.8.0.tgz",
        "finalhandler": "http://registry.npmjs.org/finalhandler/-/finalhandler-1.0.3.tgz",
        "fresh": "http://registry.npmjs.org/fresh/-/fresh-0.5.0.tgz",
        "merge-descriptors": "http://registry.npmjs.org/merge-descriptors/-/merge-descriptors-1.0.1.tgz",
        "methods": "http://registry.npmjs.org/methods/-/methods-1.1.2.tgz",
        "on-finished": "http://registry.npmjs.org/on-finished/-/on-finished-2.3.0.tgz",
        "parseurl": "http://registry.npmjs.org/parseurl/-/parseurl-1.3.1.tgz",
        "path-to-regexp": "http://registry.npmjs.org/path-to-regexp/-/path-to-regexp-0.1.7.tgz",
        "proxy-addr": "http://registry.npmjs.org/proxy-addr/-/proxy-addr-1.1.4.tgz",
        "qs": "http://registry.npmjs.org/qs/-/qs-6.4.0.tgz",
        "range-parser": "http://registry.npmjs.org/range-parser/-/range-parser-1.2.0.tgz",
        "send": "http://registry.npmjs.org/send/-/send-0.15.3.tgz",
        "serve-static": "http://registry.npmjs.org/serve-static/-/serve-static-1.12.3.tgz",
        "setprototypeof": "http://registry.npmjs.org/setprototypeof/-/setprototypeof-1.0.3.tgz",
        "statuses": "http://registry.npmjs.org/statuses/-/statuses-1.3.1.tgz",
        "type-is": "http://registry.npmjs.org/type-is/-/type-is-1.6.15.tgz",
        "utils-merge": "http://registry.npmjs.org/utils-merge/-/utils-merge-1.0.0.tgz",
        "vary": "http://registry.npmjs.org/vary/-/vary-1.1.1.tgz"
      }
    },
    "extend": {
      "version": "http://registry.npmjs.org/extend/-/extend-3.0.0.tgz",
      "integrity": "sha1-WkdDU7nzNT3dgXbf03uRyDpG8dQ=",
      "dev": true
    },
    "finalhandler": {
      "version": "http://registry.npmjs.org/finalhandler/-/finalhandler-1.0.3.tgz",
      "integrity": "sha1-70fneVDpmXgOhgIqVg4yF+DQzIk=",
      "requires": {
        "debug": "http://registry.npmjs.org/debug/-/debug-2.6.7.tgz",
        "encodeurl": "http://registry.npmjs.org/encodeurl/-/encodeurl-1.0.1.tgz",
        "escape-html": "http://registry.npmjs.org/escape-html/-/escape-html-1.0.3.tgz",
        "on-finished": "http://registry.npmjs.org/on-finished/-/on-finished-2.3.0.tgz",
        "parseurl": "http://registry.npmjs.org/parseurl/-/parseurl-1.3.1.tgz",
        "statuses": "http://registry.npmjs.org/statuses/-/statuses-1.3.1.tgz",
        "unpipe": "http://registry.npmjs.org/unpipe/-/unpipe-1.0.0.tgz"
      }
    },
    "form-data": {
      "version": "http://registry.npmjs.org/form-data/-/form-data-1.0.0-rc3.tgz",
      "integrity": "sha1-01vGLn+8KTeuePlIqqDTjZBgdXc=",
      "dev": true,
      "requires": {
        "async": "http://registry.npmjs.org/async/-/async-1.5.2.tgz",
        "combined-stream": "http://registry.npmjs.org/combined-stream/-/combined-stream-1.0.5.tgz",
        "mime-types": "http://registry.npmjs.org/mime-types/-/mime-types-2.1.15.tgz"
      }
    },
    "formidable": {
      "version": "http://registry.npmjs.org/formidable/-/formidable-1.0.17.tgz",
      "integrity": "sha1-71SRSQ+UM7cF+qdyScmQKa40hVk=",
      "dev": true
    },
    "forwarded": {
      "version": "http://registry.npmjs.org/forwarded/-/forwarded-0.1.0.tgz",
      "integrity": "sha1-Ge+YdMSuHCl7zweP3mOgm2aoQ2M="
    },
    "fresh": {
      "version": "http://registry.npmjs.org/fresh/-/fresh-0.5.0.tgz",
      "integrity": "sha1-9HTKXmqSRtb9jglTz6m5yAWvp44="
    },
    "fs-extra": {
      "version": "http://registry.npmjs.org/fs-extra/-/fs-extra-3.0.1.tgz",
      "integrity": "sha1-N5TzeMWLNC6n27sjCVEJxLO2IpE=",
      "dev": true,
      "requires": {
        "graceful-fs": "http://registry.npmjs.org/graceful-fs/-/graceful-fs-4.1.11.tgz",
        "jsonfile": "http://registry.npmjs.org/jsonfile/-/jsonfile-3.0.0.tgz",
        "universalify": "http://registry.npmjs.org/universalify/-/universalify-0.1.0.tgz"
      }
    },
    "fs.realpath": {
      "version": "http://registry.npmjs.org/fs.realpath/-/fs.realpath-1.0.0.tgz",
      "integrity": "sha1-FQStJSMVjKpA20onh8sBQRmU6k8=",
      "dev": true
    },
    "glob": {
      "version": "http://registry.npmjs.org/glob/-/glob-7.1.2.tgz",
      "integrity": "sha1-wZyd+aAocC1nhhI4SmVSQExjbRU=",
      "dev": true,
      "requires": {
        "fs.realpath": "http://registry.npmjs.org/fs.realpath/-/fs.realpath-1.0.0.tgz",
        "inflight": "http://registry.npmjs.org/inflight/-/inflight-1.0.6.tgz",
        "inherits": "http://registry.npmjs.org/inherits/-/inherits-2.0.3.tgz",
        "minimatch": "http://registry.npmjs.org/minimatch/-/minimatch-3.0.4.tgz",
        "once": "http://registry.npmjs.org/once/-/once-1.4.0.tgz",
        "path-is-absolute": "http://registry.npmjs.org/path-is-absolute/-/path-is-absolute-1.0.1.tgz"
      }
    },
    "graceful-fs": {
      "version": "http://registry.npmjs.org/graceful-fs/-/graceful-fs-4.1.11.tgz",
      "integrity": "sha1-Dovf5NHduIVNZOBOp8AOKgJuVlg=",
      "dev": true
    },
    "graceful-readlink": {
      "version": "http://registry.npmjs.org/graceful-readlink/-/graceful-readlink-1.0.1.tgz",
      "integrity": "sha1-TK+tdrxi8C+gObL5Tpo906ORpyU=",
      "dev": true
    },
    "growl": {
      "version": "http://registry.npmjs.org/growl/-/growl-1.9.2.tgz",
      "integrity": "sha1-Dqd0NxXbjY3ixe3hd14bRayFwC8=",
      "dev": true
    },
    "handlebars": {
      "version": "http://registry.npmjs.org/handlebars/-/handlebars-4.0.10.tgz",
      "integrity": "sha1-PTDHGLCaPZbyPqTMH0A8TTup/08=",
      "dev": true,
      "requires": {
        "async": "http://registry.npmjs.org/async/-/async-1.5.2.tgz",
        "optimist": "http://registry.npmjs.org/optimist/-/optimist-0.6.1.tgz",
        "source-map": "http://registry.npmjs.org/source-map/-/source-map-0.4.4.tgz",
        "uglify-js": "http://registry.npmjs.org/uglify-js/-/uglify-js-2.8.28.tgz"
      }
    },
    "has-flag": {
      "version": "http://registry.npmjs.org/has-flag/-/has-flag-1.0.0.tgz",
      "integrity": "sha1-nZ55MWXOAXoA8AQYxD+UKnsdEfo=",
      "dev": true
    },
    "highlight.js": {
      "version": "http://registry.npmjs.org/highlight.js/-/highlight.js-9.12.0.tgz",
      "integrity": "sha1-5tnb5Xy+/mB1HwKvM2GVhwyQwB4=",
      "dev": true
    },
    "http-errors": {
      "version": "http://registry.npmjs.org/http-errors/-/http-errors-1.6.1.tgz",
      "integrity": "sha1-X4uO2YrKVFZWv1cplzh/kEpyIlc=",
      "requires": {
        "depd": "http://registry.npmjs.org/depd/-/depd-1.1.0.tgz",
        "inherits": "http://registry.npmjs.org/inherits/-/inherits-2.0.3.tgz",
        "setprototypeof": "http://registry.npmjs.org/setprototypeof/-/setprototypeof-1.0.3.tgz",
        "statuses": "http://registry.npmjs.org/statuses/-/statuses-1.3.1.tgz"
      }
    },
    "inflight": {
      "version": "http://registry.npmjs.org/inflight/-/inflight-1.0.6.tgz",
      "integrity": "sha1-Sb1jMdfQLQwJvJEKEHW6gWW1bfk=",
      "dev": true,
      "requires": {
        "once": "http://registry.npmjs.org/once/-/once-1.4.0.tgz",
        "wrappy": "http://registry.npmjs.org/wrappy/-/wrappy-1.0.2.tgz"
      }
    },
    "inherits": {
      "version": "http://registry.npmjs.org/inherits/-/inherits-2.0.3.tgz",
      "integrity": "sha1-Yzwsg+PaQqUC9SRmAiSA9CCCYd4="
    },
    "interpret": {
      "version": "http://registry.npmjs.org/interpret/-/interpret-1.0.3.tgz",
      "integrity": "sha1-y8NcYu7uc/Gat7EKgBURQBr8D5A=",
      "dev": true
    },
    "ipaddr.js": {
      "version": "http://registry.npmjs.org/ipaddr.js/-/ipaddr.js-1.3.0.tgz",
      "integrity": "sha1-HgOlL9rYOou7KyXL9JmLTP/NPew="
    },
    "is-buffer": {
      "version": "http://registry.npmjs.org/is-buffer/-/is-buffer-1.1.5.tgz",
      "integrity": "sha1-Hzsm72E7IUuIy8ojzGwB2Hlh7sw=",
      "dev": true
    },
    "isarray": {
      "version": "http://registry.npmjs.org/isarray/-/isarray-0.0.1.tgz",
      "integrity": "sha1-ihis/Kmo9Bd+Cav8YDiTmwXR7t8=",
      "dev": true
    },
    "json3": {
      "version": "http://registry.npmjs.org/json3/-/json3-3.3.2.tgz",
      "integrity": "sha1-PAQ0dD35Pi9cQq7nsZvLSDV19OE=",
      "dev": true
    },
    "jsonfile": {
      "version": "http://registry.npmjs.org/jsonfile/-/jsonfile-3.0.0.tgz",
      "integrity": "sha1-kufHRE5f/V+jLmqa6LhQNN+DR9A=",
      "dev": true,
      "requires": {
        "graceful-fs": "http://registry.npmjs.org/graceful-fs/-/graceful-fs-4.1.11.tgz"
      }
    },
    "kind-of": {
      "version": "http://registry.npmjs.org/kind-of/-/kind-of-3.2.2.tgz",
      "integrity": "sha1-MeohpzS6ubuw8yRm2JOupR5KPGQ=",
      "dev": true,
      "requires": {
        "is-buffer": "http://registry.npmjs.org/is-buffer/-/is-buffer-1.1.5.tgz"
      }
    },
    "lazy-cache": {
      "version": "http://registry.npmjs.org/lazy-cache/-/lazy-cache-1.0.4.tgz",
      "integrity": "sha1-odePw6UEdMuAhF07O24dpJpEbo4=",
      "dev": true,
      "optional": true
    },
    "lodash": {
      "version": "http://registry.npmjs.org/lodash/-/lodash-4.17.4.tgz",
      "integrity": "sha1-eCA6TRwyiuHYbcpkYONptX9AVa4=",
      "dev": true
    },
    "lodash._baseassign": {
      "version": "http://registry.npmjs.org/lodash._baseassign/-/lodash._baseassign-3.2.0.tgz",
      "integrity": "sha1-jDigmVAPIVrQnlnxci/QxSv+Ck4=",
      "dev": true,
      "requires": {
        "lodash._basecopy": "http://registry.npmjs.org/lodash._basecopy/-/lodash._basecopy-3.0.1.tgz",
        "lodash.keys": "http://registry.npmjs.org/lodash.keys/-/lodash.keys-3.1.2.tgz"
      }
    },
    "lodash._basecopy": {
      "version": "http://registry.npmjs.org/lodash._basecopy/-/lodash._basecopy-3.0.1.tgz",
      "integrity": "sha1-jaDmqHbPNEwK2KVIghEd08XHyjY=",
      "dev": true
    },
    "lodash._basecreate": {
      "version": "http://registry.npmjs.org/lodash._basecreate/-/lodash._basecreate-3.0.3.tgz",
      "integrity": "sha1-G8ZhYU2qf8MRt9A78WgGoCE8+CE=",
      "dev": true
    },
    "lodash._getnative": {
      "version": "http://registry.npmjs.org/lodash._getnative/-/lodash._getnative-3.9.1.tgz",
      "integrity": "sha1-VwvH3t5G1hzc3mh9ZdPuy6o6r/U=",
      "dev": true
    },
    "lodash._isiterateecall": {
      "version": "http://registry.npmjs.org/lodash._isiterateecall/-/lodash._isiterateecall-3.0.9.tgz",
      "integrity": "sha1-UgOte6Ql+uhCRg5pbbnPPmqsBXw=",
      "dev": true
    },
    "lodash.create": {
      "version": "http://registry.npmjs.org/lodash.create/-/lodash.create-3.1.1.tgz",
      "integrity": "sha1-1/KEnw29p+BGgruM1yqwIkYd6+c=",
      "dev": true,
      "requires": {
        "lodash._baseassign": "http://registry.npmjs.org/lodash._baseassign/-/lodash._baseassign-3.2.0.tgz",
        "lodash._basecreate": "http://registry.npmjs.org/lodash._basecreate/-/lodash._basecreate-3.0.3.tgz",
        "lodash._isiterateecall": "http://registry.npmjs.org/lodash._isiterateecall/-/lodash._isiterateecall-3.0.9.tgz"
      }
    },
    "lodash.isarguments": {
      "version": "http://registry.npmjs.org/lodash.isarguments/-/lodash.isarguments-3.1.0.tgz",
      "integrity": "sha1-L1c9hcaiQon/AGY7SRwdM4/zRYo=",
      "dev": true
    },
    "lodash.isarray": {
      "version": "http://registry.npmjs.org/lodash.isarray/-/lodash.isarray-3.0.4.tgz",
      "integrity": "sha1-eeTriMNqgSKvhvhEqpvNhRtfu1U=",
      "dev": true
    },
    "lodash.keys": {
      "version": "http://registry.npmjs.org/lodash.keys/-/lodash.keys-3.1.2.tgz",
      "integrity": "sha1-TbwEcrFWvlCgsoaFXRvQsMZWCYo=",
      "dev": true,
      "requires": {
        "lodash._getnative": "http://registry.npmjs.org/lodash._getnative/-/lodash._getnative-3.9.1.tgz",
        "lodash.isarguments": "http://registry.npmjs.org/lodash.isarguments/-/lodash.isarguments-3.1.0.tgz",
        "lodash.isarray": "http://registry.npmjs.org/lodash.isarray/-/lodash.isarray-3.0.4.tgz"
      }
    },
    "longest": {
      "version": "http://registry.npmjs.org/longest/-/longest-1.0.1.tgz",
      "integrity": "sha1-MKCy2jj3N3DoKUoNIuZiXtd9AJc=",
      "dev": true
    },
    "marked": {
      "version": "http://registry.npmjs.org/marked/-/marked-0.3.6.tgz",
      "integrity": "sha1-ssbGGPzOzk74bE/Gy4p8v1rtqNc=",
      "dev": true
    },
    "media-typer": {
      "version": "http://registry.npmjs.org/media-typer/-/media-typer-0.3.0.tgz",
      "integrity": "sha1-hxDXrwqmJvj/+hzgAWhUUmMlV0g="
    },
    "merge-descriptors": {
      "version": "http://registry.npmjs.org/merge-descriptors/-/merge-descriptors-1.0.1.tgz",
      "integrity": "sha1-sAqqVW3YtEVoFQ7J0blT8/kMu2E="
    },
    "methods": {
      "version": "http://registry.npmjs.org/methods/-/methods-1.1.2.tgz",
      "integrity": "sha1-VSmk1nZUE07cxSZmVoNbD4Ua/O4="
    },
    "mime": {
      "version": "http://registry.npmjs.org/mime/-/mime-1.3.4.tgz",
      "integrity": "sha1-EV+eO2s9rylZmDyzjxSaLUDrXVM="
    },
    "mime-db": {
      "version": "http://registry.npmjs.org/mime-db/-/mime-db-1.27.0.tgz",
      "integrity": "sha1-gg9XIpa70g7CXtVeW13oaeVDbrE="
    },
    "mime-types": {
      "version": "http://registry.npmjs.org/mime-types/-/mime-types-2.1.15.tgz",
      "integrity": "sha1-pOv1BkCUVpI3uM9wBGd20J/JKu0=",
      "requires": {
        "mime-db": "http://registry.npmjs.org/mime-db/-/mime-db-1.27.0.tgz"
      }
    },
    "minimatch": {
      "version": "http://registry.npmjs.org/minimatch/-/minimatch-3.0.4.tgz",
      "integrity": "sha1-UWbihkV/AzBgZL5Ul+jbsMPTIIM=",
      "dev": true,
      "requires": {
        "brace-expansion": "http://registry.npmjs.org/brace-expansion/-/brace-expansion-1.1.7.tgz"
      }
    },
    "minimist": {
      "version": "http://registry.npmjs.org/minimist/-/minimist-0.0.10.tgz",
      "integrity": "sha1-3j+YVD2/lggr5IrRoMfNqDYwHc8=",
      "dev": true
    },
    "mkdirp": {
      "version": "http://registry.npmjs.org/mkdirp/-/mkdirp-0.5.1.tgz",
      "integrity": "sha1-MAV0OOrGz3+MR2fzhkjWaX11yQM=",
      "dev": true,
      "requires": {
        "minimist": "http://registry.npmjs.org/minimist/-/minimist-0.0.8.tgz"
      },
      "dependencies": {
        "minimist": {
          "version": "http://registry.npmjs.org/minimist/-/minimist-0.0.8.tgz",
          "integrity": "sha1-hX/Kv8M5fSYluCKCYuhqp6ARsF0=",
          "dev": true
        }
      }
    },
    "mocha": {
      "version": "http://registry.npmjs.org/mocha/-/mocha-3.4.2.tgz",
      "integrity": "sha1-0O9NMyEm2/GNDWQMmzgt1IvpdZQ=",
      "dev": true,
      "requires": {
        "browser-stdout": "http://registry.npmjs.org/browser-stdout/-/browser-stdout-1.3.0.tgz",
        "commander": "http://registry.npmjs.org/commander/-/commander-2.9.0.tgz",
        "debug": "http://registry.npmjs.org/debug/-/debug-2.6.0.tgz",
        "diff": "http://registry.npmjs.org/diff/-/diff-3.2.0.tgz",
        "escape-string-regexp": "http://registry.npmjs.org/escape-string-regexp/-/escape-string-regexp-1.0.5.tgz",
        "glob": "http://registry.npmjs.org/glob/-/glob-7.1.1.tgz",
        "growl": "http://registry.npmjs.org/growl/-/growl-1.9.2.tgz",
        "json3": "http://registry.npmjs.org/json3/-/json3-3.3.2.tgz",
        "lodash.create": "http://registry.npmjs.org/lodash.create/-/lodash.create-3.1.1.tgz",
        "mkdirp": "http://registry.npmjs.org/mkdirp/-/mkdirp-0.5.1.tgz",
        "supports-color": "http://registry.npmjs.org/supports-color/-/supports-color-3.1.2.tgz"
      },
      "dependencies": {
        "debug": {
          "version": "http://registry.npmjs.org/debug/-/debug-2.6.0.tgz",
          "integrity": "sha1-vFlryr52F/Edn6FTYe3tVgi4SZs=",
          "dev": true,
          "requires": {
            "ms": "http://registry.npmjs.org/ms/-/ms-0.7.2.tgz"
          }
        },
        "glob": {
          "version": "http://registry.npmjs.org/glob/-/glob-7.1.1.tgz",
          "integrity": "sha1-gFIR3wT6rxxjo2ADBs31reULLsg=",
          "dev": true,
          "requires": {
            "fs.realpath": "http://registry.npmjs.org/fs.realpath/-/fs.realpath-1.0.0.tgz",
            "inflight": "http://registry.npmjs.org/inflight/-/inflight-1.0.6.tgz",
            "inherits": "http://registry.npmjs.org/inherits/-/inherits-2.0.3.tgz",
            "minimatch": "http://registry.npmjs.org/minimatch/-/minimatch-3.0.4.tgz",
            "once": "http://registry.npmjs.org/once/-/once-1.4.0.tgz",
            "path-is-absolute": "http://registry.npmjs.org/path-is-absolute/-/path-is-absolute-1.0.1.tgz"
          }
        },
        "ms": {
          "version": "http://registry.npmjs.org/ms/-/ms-0.7.2.tgz",
          "integrity": "sha1-riXPJRKziFodldfwN4aNhDESR2U=",
          "dev": true
        }
      }
    },
    "ms": {
      "version": "http://registry.npmjs.org/ms/-/ms-2.0.0.tgz",
      "integrity": "sha1-VgiurfwAvmwpAd9fmGF4jeDVl8g="
    },
    "negotiator": {
      "version": "http://registry.npmjs.org/negotiator/-/negotiator-0.6.1.tgz",
      "integrity": "sha1-KzJxhOiZIQEXeyhWP7XnECrNDKk="
    },
    "on-finished": {
      "version": "http://registry.npmjs.org/on-finished/-/on-finished-2.3.0.tgz",
      "integrity": "sha1-IPEzZIGwg811M3mSoWlxqi2QaUc=",
      "requires": {
        "ee-first": "http://registry.npmjs.org/ee-first/-/ee-first-1.1.1.tgz"
      }
    },
    "once": {
      "version": "http://registry.npmjs.org/once/-/once-1.4.0.tgz",
      "integrity": "sha1-WDsap3WWHUsROsF9nFC6753Xa9E=",
      "dev": true,
      "requires": {
        "wrappy": "http://registry.npmjs.org/wrappy/-/wrappy-1.0.2.tgz"
      }
    },
    "optimist": {
      "version": "http://registry.npmjs.org/optimist/-/optimist-0.6.1.tgz",
      "integrity": "sha1-2j6nRob6IaGaERwybpDrFaAZZoY=",
      "dev": true,
      "requires": {
        "minimist": "http://registry.npmjs.org/minimist/-/minimist-0.0.10.tgz",
        "wordwrap": "http://registry.npmjs.org/wordwrap/-/wordwrap-0.0.3.tgz"
      }
    },
    "parseurl": {
      "version": "http://registry.npmjs.org/parseurl/-/parseurl-1.3.1.tgz",
      "integrity": "sha1-yKuMkiO6NIiKpkopeyiFO+wY2lY="
    },
    "path-is-absolute": {
      "version": "http://registry.npmjs.org/path-is-absolute/-/path-is-absolute-1.0.1.tgz",
      "integrity": "sha1-F0uSaHNVNP+8es5r9TpanhtcX18=",
      "dev": true
    },
    "path-parse": {
      "version": "http://registry.npmjs.org/path-parse/-/path-parse-1.0.5.tgz",
      "integrity": "sha1-PBrfhx6pzWyUMbbqK9dKD/BVxME=",
      "dev": true
    },
    "path-to-regexp": {
      "version": "http://registry.npmjs.org/path-to-regexp/-/path-to-regexp-0.1.7.tgz",
      "integrity": "sha1-32BBeABfUi8V60SQ5yR6G/qmf4w="
    },
    "progress": {
      "version": "http://registry.npmjs.org/progress/-/progress-2.0.0.tgz",
      "integrity": "sha1-ihvjZr+Pwj2yvSPxDG/pILQ4nR8=",
      "dev": true
    },
    "proxy-addr": {
      "version": "http://registry.npmjs.org/proxy-addr/-/proxy-addr-1.1.4.tgz",
      "integrity": "sha1-J+VF9pYKRKYn2bREZ+NcG2tM4vM=",
      "requires": {
        "forwarded": "http://registry.npmjs.org/forwarded/-/forwarded-0.1.0.tgz",
        "ipaddr.js": "http://registry.npmjs.org/ipaddr.js/-/ipaddr.js-1.3.0.tgz"
      }
    },
    "qs": {
      "version": "http://registry.npmjs.org/qs/-/qs-6.4.0.tgz",
      "integrity": "sha1-E+JtKK1rD/qpExLNO/cI7TUecjM="
    },
    "range-parser": {
      "version": "http://registry.npmjs.org/range-parser/-/range-parser-1.2.0.tgz",
      "integrity": "sha1-9JvmtIeJTdxA3MlKMi9hEJLgDV4="
    },
    "readable-stream": {
      "version": "http://registry.npmjs.org/readable-stream/-/readable-stream-1.0.27-1.tgz",
      "integrity": "sha1-a2eYPCA1fO/QfwFlABoW1xDZEHg=",
      "dev": true,
      "requires": {
        "core-util-is": "http://registry.npmjs.org/core-util-is/-/core-util-is-1.0.2.tgz",
        "inherits": "http://registry.npmjs.org/inherits/-/inherits-2.0.3.tgz",
        "isarray": "http://registry.npmjs.org/isarray/-/isarray-0.0.1.tgz",
        "string_decoder": "http://registry.npmjs.org/string_decoder/-/string_decoder-0.10.31.tgz"
      }
    },
    "rechoir": {
      "version": "http://registry.npmjs.org/rechoir/-/rechoir-0.6.2.tgz",
      "integrity": "sha1-hSBLVNuoLVdC4oyWdW70OvUOM4Q=",
      "dev": true,
      "requires": {
        "resolve": "http://registry.npmjs.org/resolve/-/resolve-1.3.3.tgz"
      }
    },
    "reduce-component": {
      "version": "http://registry.npmjs.org/reduce-component/-/reduce-component-1.0.1.tgz",
      "integrity": "sha1-4Mk1QsV0UhvqE98PlIjtgqt3xdo=",
      "dev": true
    },
    "repeat-string": {
      "version": "http://registry.npmjs.org/repeat-string/-/repeat-string-1.6.1.tgz",
      "integrity": "sha1-jcrkcOHIirwtYA//Sndihtp15jc=",
      "dev": true
    },
    "resolve": {
      "version": "http://registry.npmjs.org/resolve/-/resolve-1.3.3.tgz",
      "integrity": "sha1-ZVkHw0aahoDcLeOidaj91paR8OU=",
      "dev": true,
      "requires": {
        "path-parse": "http://registry.npmjs.org/path-parse/-/path-parse-1.0.5.tgz"
      }
    },
    "right-align": {
      "version": "http://registry.npmjs.org/right-align/-/right-align-0.1.3.tgz",
      "integrity": "sha1-YTObci/mo1FWiSENJOFMlhSGE+8=",
      "dev": true,
      "optional": true,
      "requires": {
        "align-text": "http://registry.npmjs.org/align-text/-/align-text-0.1.4.tgz"
      }
    },
    "send": {
      "version": "http://registry.npmjs.org/send/-/send-0.15.3.tgz",
      "integrity": "sha1-UBP5+ZAj31DRvZiSwZ4979HVMwk=",
      "requires": {
        "debug": "http://registry.npmjs.org/debug/-/debug-2.6.7.tgz",
        "depd": "http://registry.npmjs.org/depd/-/depd-1.1.0.tgz",
        "destroy": "http://registry.npmjs.org/destroy/-/destroy-1.0.4.tgz",
        "encodeurl": "http://registry.npmjs.org/encodeurl/-/encodeurl-1.0.1.tgz",
        "escape-html": "http://registry.npmjs.org/escape-html/-/escape-html-1.0.3.tgz",
        "etag": "http://registry.npmjs.org/etag/-/etag-1.8.0.tgz",
        "fresh": "http://registry.npmjs.org/fresh/-/fresh-0.5.0.tgz",
        "http-errors": "http://registry.npmjs.org/http-errors/-/http-errors-1.6.1.tgz",
        "mime": "http://registry.npmjs.org/mime/-/mime-1.3.4.tgz",
        "ms": "http://registry.npmjs.org/ms/-/ms-2.0.0.tgz",
        "on-finished": "http://registry.npmjs.org/on-finished/-/on-finished-2.3.0.tgz",
        "range-parser": "http://registry.npmjs.org/range-parser/-/range-parser-1.2.0.tgz",
        "statuses": "http://registry.npmjs.org/statuses/-/statuses-1.3.1.tgz"
      }
    },
    "serve-static": {
      "version": "http://registry.npmjs.org/serve-static/-/serve-static-1.12.3.tgz",
      "integrity": "sha1-n0uhni8wMMVH+K+ZEHg47DjVseI=",
      "requires": {
        "encodeurl": "http://registry.npmjs.org/encodeurl/-/encodeurl-1.0.1.tgz",
        "escape-html": "http://registry.npmjs.org/escape-html/-/escape-html-1.0.3.tgz",
        "parseurl": "http://registry.npmjs.org/parseurl/-/parseurl-1.3.1.tgz",
        "send": "http://registry.npmjs.org/send/-/send-0.15.3.tgz"
      }
    },
    "setprototypeof": {
      "version": "http://registry.npmjs.org/setprototypeof/-/setprototypeof-1.0.3.tgz",
      "integrity": "sha1-ZlZ+NwQ+608E2RvWWMDL77VbjgQ="
    },
    "shelljs": {
      "version": "http://registry.npmjs.org/shelljs/-/shelljs-0.7.8.tgz",
      "integrity": "sha1-3svPh0sNHl+3LhSxZKloMEjprLM=",
      "dev": true,
      "requires": {
        "glob": "http://registry.npmjs.org/glob/-/glob-7.1.2.tgz",
        "interpret": "http://registry.npmjs.org/interpret/-/interpret-1.0.3.tgz",
        "rechoir": "http://registry.npmjs.org/rechoir/-/rechoir-0.6.2.tgz"
      }
    },
    "should": {
      "version": "http://registry.npmjs.org/should/-/should-9.0.2.tgz",
      "integrity": "sha1-tVD2keccZniODpbp9yHVi+aSDlo=",
      "dev": true,
      "requires": {
        "should-equal": "http://registry.npmjs.org/should-equal/-/should-equal-1.0.1.tgz",
        "should-format": "http://registry.npmjs.org/should-format/-/should-format-1.0.0.tgz",
        "should-type": "http://registry.npmjs.org/should-type/-/should-type-1.4.0.tgz"
      }
    },
    "should-equal": {
      "version": "http://registry.npmjs.org/should-equal/-/should-equal-1.0.1.tgz",
      "integrity": "sha1-C26VFvJgGp+wuy3MNpr6HH4gCvc=",
      "dev": true,
      "requires": {
        "should-type": "http://registry.npmjs.org/should-type/-/should-type-1.4.0.tgz"
      }
    },
    "should-format": {
      "version": "http://registry.npmjs.org/should-format/-/should-format-1.0.0.tgz",
      "integrity": "sha1-CjDNq0o70UJ7vMuLc4VnvacpDXg=",
      "dev": true,
      "requires": {
        "should-type": "http://registry.npmjs.org/should-type/-/should-type-1.4.0.tgz"
      }
    },
    "should-type": {
      "version": "http://registry.npmjs.org/should-type/-/should-type-1.4.0.tgz",
      "integrity": "sha1-B1bYzoRt/QmEOmlHcZ36DUz/XPM=",
      "dev": true
    },
    "source-map": {
      "version": "http://registry.npmjs.org/source-map/-/source-map-0.4.4.tgz",
      "integrity": "sha1-66T12pwNyZneaAMti092FzZSA2s=",
      "dev": true,
      "requires": {
        "amdefine": "http://registry.npmjs.org/amdefine/-/amdefine-1.0.1.tgz"
      }
    },
    "statuses": {
      "version": "http://registry.npmjs.org/statuses/-/statuses-1.3.1.tgz",
      "integrity": "sha1-+vUbnrdKrvOzrPStX2Gr8ky3uT4="
    },
    "string_decoder": {
      "version": "http://registry.npmjs.org/string_decoder/-/string_decoder-0.10.31.tgz",
      "integrity": "sha1-YuIDvEF2bGwoyfyEMB2rHFMQ+pQ=",
      "dev": true
    },
    "superagent": {
      "version": "http://registry.npmjs.org/superagent/-/superagent-1.8.5.tgz",
      "integrity": "sha1-HA3cOvMOgOuE68BcshItqP6UC1U=",
      "dev": true,
      "requires": {
        "component-emitter": "http://registry.npmjs.org/component-emitter/-/component-emitter-1.2.1.tgz",
        "cookiejar": "http://registry.npmjs.org/cookiejar/-/cookiejar-2.0.6.tgz",
        "debug": "http://registry.npmjs.org/debug/-/debug-2.6.7.tgz",
        "extend": "http://registry.npmjs.org/extend/-/extend-3.0.0.tgz",
        "form-data": "http://registry.npmjs.org/form-data/-/form-data-1.0.0-rc3.tgz",
        "formidable": "http://registry.npmjs.org/formidable/-/formidable-1.0.17.tgz",
        "methods": "http://registry.npmjs.org/methods/-/methods-1.1.2.tgz",
        "mime": "http://registry.npmjs.org/mime/-/mime-1.3.4.tgz",
        "qs": "http://registry.npmjs.org/qs/-/qs-2.3.3.tgz",
        "readable-stream": "http://registry.npmjs.org/readable-stream/-/readable-stream-1.0.27-1.tgz",
        "reduce-component": "http://registry.npmjs.org/reduce-component/-/reduce-component-1.0.1.tgz"
      },
      "dependencies": {
        "qs": {
          "version": "http://registry.npmjs.org/qs/-/qs-2.3.3.tgz",
          "integrity": "sha1-6eha2+ddoLvkyOBHaghikPhjtAQ=",
          "dev": true
        }
      }
    },
    "supertest": {
      "version": "http://registry.npmjs.org/supertest/-/supertest-1.2.0.tgz",
      "integrity": "sha1-hQp5X5Bo0vrxngF5n/CZYuDOQ74=",
      "dev": true,
      "requires": {
        "methods": "http://registry.npmjs.org/methods/-/methods-1.1.2.tgz",
        "superagent": "http://registry.npmjs.org/superagent/-/superagent-1.8.5.tgz"
      }
    },
    "supports-color": {
      "version": "http://registry.npmjs.org/supports-color/-/supports-color-3.1.2.tgz",
      "integrity": "sha1-cqJiiU2dQIuVbKBf83su2KbiotU=",
      "dev": true,
      "requires": {
        "has-flag": "http://registry.npmjs.org/has-flag/-/has-flag-1.0.0.tgz"
      }
    },
    "type-is": {
      "version": "http://registry.npmjs.org/type-is/-/type-is-1.6.15.tgz",
      "integrity": "sha1-yrEPtJCeRByChC6v4a1kbIGARBA=",
      "requires": {
        "media-typer": "http://registry.npmjs.org/media-typer/-/media-typer-0.3.0.tgz",
        "mime-types": "http://registry.npmjs.org/mime-types/-/mime-types-2.1.15.tgz"
      }
    },
    "typedoc": {
      "version": "http://registry.npmjs.org/typedoc/-/typedoc-0.7.1.tgz",
      "integrity": "sha1-tEG//iRrs+DlmNmuR050NZS9p2k=",
      "dev": true,
      "requires": {
        "@types/fs-extra": "http://registry.npmjs.org/@types/fs-extra/-/fs-extra-3.0.3.tgz",
        "@types/handlebars": "http://registry.npmjs.org/@types/handlebars/-/handlebars-4.0.33.tgz",
        "@types/highlight.js": "http://registry.npmjs.org/@types/highlight.js/-/highlight.js-9.1.9.tgz",
        "@types/lodash": "http://registry.npmjs.org/@types/lodash/-/lodash-4.14.65.tgz",
        "@types/marked": "http://registry.npmjs.org/@types/marked/-/marked-0.0.28.tgz",
        "@types/minimatch": "http://registry.npmjs.org/@types/minimatch/-/minimatch-2.0.29.tgz",
        "@types/shelljs": "http://registry.npmjs.org/@types/shelljs/-/shelljs-0.7.2.tgz",
        "fs-extra": "http://registry.npmjs.org/fs-extra/-/fs-extra-3.0.1.tgz",
        "handlebars": "http://registry.npmjs.org/handlebars/-/handlebars-4.0.10.tgz",
        "highlight.js": "http://registry.npmjs.org/highlight.js/-/highlight.js-9.12.0.tgz",
        "lodash": "http://registry.npmjs.org/lodash/-/lodash-4.17.4.tgz",
        "marked": "http://registry.npmjs.org/marked/-/marked-0.3.6.tgz",
        "minimatch": "http://registry.npmjs.org/minimatch/-/minimatch-3.0.4.tgz",
        "progress": "http://registry.npmjs.org/progress/-/progress-2.0.0.tgz",
        "shelljs": "http://registry.npmjs.org/shelljs/-/shelljs-0.7.8.tgz",
        "typedoc-default-themes": "http://registry.npmjs.org/typedoc-default-themes/-/typedoc-default-themes-0.5.0.tgz",
        "typescript": "http://registry.npmjs.org/typescript/-/typescript-2.3.2.tgz"
      },
      "dependencies": {
        "typescript": {
          "version": "http://registry.npmjs.org/typescript/-/typescript-2.3.2.tgz",
          "integrity": "sha1-8PBF4Zb2mnLwayX9O9OdAcPOmYQ=",
          "dev": true
        }
      }
    },
    "typedoc-default-themes": {
      "version": "http://registry.npmjs.org/typedoc-default-themes/-/typedoc-default-themes-0.5.0.tgz",
      "integrity": "sha1-bcJDPnjti+qOiHo6zeLzF4W9Yic=",
      "dev": true
    },
    "typescript": {
      "version": "http://registry.npmjs.org/typescript/-/typescript-2.4.1.tgz",
      "integrity": "sha1-w8yxbdqgsjFN4DHn5v7onlujRrw=",
      "dev": true
    },
    "uglify-js": {
      "version": "http://registry.npmjs.org/uglify-js/-/uglify-js-2.8.28.tgz",
      "integrity": "sha1-4zUDLfm7INy5GPFkWJ1a9H84g0o=",
      "dev": true,
      "optional": true,
      "requires": {
        "source-map": "http://registry.npmjs.org/source-map/-/source-map-0.5.6.tgz",
        "uglify-to-browserify": "http://registry.npmjs.org/uglify-to-browserify/-/uglify-to-browserify-1.0.2.tgz",
        "yargs": "http://registry.npmjs.org/yargs/-/yargs-3.10.0.tgz"
      },
      "dependencies": {
        "source-map": {
          "version": "http://registry.npmjs.org/source-map/-/source-map-0.5.6.tgz",
          "integrity": "sha1-dc449SvwczxafwwRjYEzSiu19BI=",
          "dev": true,
          "optional": true
        }
      }
    },
    "uglify-to-browserify": {
      "version": "http://registry.npmjs.org/uglify-to-browserify/-/uglify-to-browserify-1.0.2.tgz",
      "integrity": "sha1-bgkk1r2mta/jSeOabWMoUKD4grc=",
      "dev": true,
      "optional": true
    },
    "universalify": {
      "version": "http://registry.npmjs.org/universalify/-/universalify-0.1.0.tgz",
      "integrity": "sha1-nrHEZR3rzGcMyU8adXYjMruWd3g=",
      "dev": true
    },
    "unpipe": {
      "version": "http://registry.npmjs.org/unpipe/-/unpipe-1.0.0.tgz",
      "integrity": "sha1-sr9O6FFKrmFltIF4KdIbLvSZBOw="
    },
    "utils-merge": {
      "version": "http://registry.npmjs.org/utils-merge/-/utils-merge-1.0.0.tgz",
      "integrity": "sha1-ApT7kiu5N1FTVBxPcJYjHyh8ivg="
    },
    "vary": {
      "version": "http://registry.npmjs.org/vary/-/vary-1.1.1.tgz",
      "integrity": "sha1-Z1Neu2lMHVIldFeYRmUyP1h+jTc="
    },
    "window-size": {
      "version": "http://registry.npmjs.org/window-size/-/window-size-0.1.0.tgz",
      "integrity": "sha1-VDjNLqk7IC76Ohn+iIeu58lPnJ0=",
      "dev": true,
      "optional": true
    },
    "wordwrap": {
      "version": "http://registry.npmjs.org/wordwrap/-/wordwrap-0.0.3.tgz",
      "integrity": "sha1-o9XabNXAvAAI03I0u68b7WMFkQc=",
      "dev": true
    },
    "wrappy": {
      "version": "http://registry.npmjs.org/wrappy/-/wrappy-1.0.2.tgz",
      "integrity": "sha1-tSQ9jz7BqjXxNkYFvA0QNuMKtp8=",
      "dev": true
    },
    "yargs": {
      "version": "http://registry.npmjs.org/yargs/-/yargs-3.10.0.tgz",
      "integrity": "sha1-9+572FfdfB0tOMDnTvvWgdFDH9E=",
      "dev": true,
      "optional": true,
      "requires": {
        "camelcase": "http://registry.npmjs.org/camelcase/-/camelcase-1.2.1.tgz",
        "cliui": "http://registry.npmjs.org/cliui/-/cliui-2.1.0.tgz",
        "decamelize": "http://registry.npmjs.org/decamelize/-/decamelize-1.2.0.tgz",
        "window-size": "http://registry.npmjs.org/window-size/-/window-size-0.1.0.tgz"
      }
    }
  }
}
